Microsoft Visual Studio Solution File, Format Version 12.00
# Visual Studio Version 17
VisualStudioVersion = 17.1.32228.430
MinimumVisualStudioVersion = 10.0.40219.1
Project("{9A19103F-16F7-4668-BE54-9A1E7A4F7556}") = "CimBios.Core.CimModel.Document", "Core\CimModel\Context\CimBios.Core.CimModel.Document.csproj", "{CBCA217B-C786-41D1-8A3F-9E900BEFB19C}"
EndProject
Project("{9A19103F-16F7-4668-BE54-9A1E7A4F7556}") = "CimBios.Core.CimModel.Schema", "Core\CimModel\Schema\CimBios.Core.CimModel.Schema.csproj", "{58DE5C9F-5286-4047-94D9-CCEE51BC43B5}"
EndProject
Project("{9A19103F-16F7-4668-BE54-9A1E7A4F7556}") = "CimBios.Core.RdfIOLib", "Core\RdfIOLib\CimBios.Core.RdfIOLib.csproj", "{7CBC086A-63B3-4701-B243-623AAD9DF0EB}"
EndProject
Project("{9A19103F-16F7-4668-BE54-9A1E7A4F7556}") = "CimBios.Core.CimModel.DatatypeLib", "Core\CimModel\CimDatatypeLib\CimBios.Core.CimModel.DatatypeLib.csproj", "{629F6163-A99E-45E5-A580-122F13459BC8}"
EndProject
Project("{9A19103F-16F7-4668-BE54-9A1E7A4F7556}") = "CimBios.Core.CimModel.RdfSerializer", "Core\CimModel\RdfSerializer\CimBios.Core.CimModel.RdfSerializer.csproj", "{2797C019-57A1-4EED-B39A-F18FBB3D87C9}"
EndProject
Project("{2150E333-8FDC-42A3-9474-1A3956D46DE8}") = "Core", "Core", "{81FD696D-24DB-401A-B461-3D04980528B6}"
EndProject
Project("{2150E333-8FDC-42A3-9474-1A3956D46DE8}") = "CimModel", "CimModel", "{255F7368-4EE1-48A7-ACBF-3F87392FAF9E}"
EndProject
Project("{2150E333-8FDC-42A3-9474-1A3956D46DE8}") = "Tools", "Tools", "{29FD2110-4306-4F6F-AFAE-84A3B47A30AF}"
EndProject
Project("{2150E333-8FDC-42A3-9474-1A3956D46DE8}") = "RdfIOLib", "RdfIOLib", "{FC81AB4D-0E26-4A7D-A6F2-CBDB290EB77D}"
EndProject
Project("{2150E333-8FDC-42A3-9474-1A3956D46DE8}") = "DataProvider", "DataProvider", "{00D3E768-D13A-4EF9-823D-F07E5C4C85DB}"
EndProject
Project("{9A19103F-16F7-4668-BE54-9A1E7A4F7556}") = "CimBios.Core.DataProvider", "Core\DataProvider\CimBios.Core.DataProvider.csproj", "{5ED1EBC7-CA3A-48BE-B7EC-F9F04F749DEF}"
EndProject
Project("{FAE04EC0-301F-11D3-BF4B-00C04F79EFBC}") = "CimBios.Tools.ModelDebug", "Tools\CimBios.Tools.ModelDebug\CimBios.Tools.ModelDebug.csproj", "{E54996F0-2375-48D3-A4D2-31122401629A}"
EndProject
Project("{FAE04EC0-301F-11D3-BF4B-00C04F79EFBC}") = "CimBios.Tests.RdfIOLib", "..\test\CimBios.Tests.RdfIOLib\CimBios.Tests.RdfIOLib.csproj", "{16F17CAB-6D1A-4014-8FBA-270C310BC878}"
EndProject
Project("{2150E333-8FDC-42A3-9474-1A3956D46DE8}") = "Tests", "Tests", "{B2BF029E-0939-468F-BE76-7C67B7A485A8}"
EndProject
Project("{2150E333-8FDC-42A3-9474-1A3956D46DE8}") = "Utils", "Utils", "{FAC6A4DE-5702-4BB8-B407-F244C2D987FB}"
EndProject
Project("{FAE04EC0-301F-11D3-BF4B-00C04F79EFBC}") = "CimBios.Utils.ClassTraits", "Utils\ClassTraits\CimBios.Utils.ClassTraits.csproj", "{6C600575-B8EC-48F1-8D7B-D0C3A61B023F}"
EndProject
Project("{FAE04EC0-301F-11D3-BF4B-00C04F79EFBC}") = "CimBios.Tests.ClassTraits", "..\test\CimBios.Tests.ClassTraits\CimBios.Tests.ClassTraits.csproj", "{D18ECC24-3EF0-4A8E-9ECF-7C6E70C86C29}"
EndProject
Project("{FAE04EC0-301F-11D3-BF4B-00C04F79EFBC}") = "CimBios.Utils.MetaReflectionHelper", "Utils\MetaReflectionHelper\CimBios.Utils.MetaReflectionHelper.csproj", "{8E299C0B-F47C-44D1-A938-F985D9083373}"
EndProject
Global
	GlobalSection(SolutionConfigurationPlatforms) = preSolution
		Debug|Any CPU = Debug|Any CPU
		Release|Any CPU = Release|Any CPU
	EndGlobalSection
	GlobalSection(ProjectConfigurationPlatforms) = postSolution
		{CBCA217B-C786-41D1-8A3F-9E900BEFB19C}.Debug|Any CPU.ActiveCfg = Debug|Any CPU
		{CBCA217B-C786-41D1-8A3F-9E900BEFB19C}.Debug|Any CPU.Build.0 = Debug|Any CPU
		{CBCA217B-C786-41D1-8A3F-9E900BEFB19C}.Release|Any CPU.ActiveCfg = Release|Any CPU
		{CBCA217B-C786-41D1-8A3F-9E900BEFB19C}.Release|Any CPU.Build.0 = Release|Any CPU
		{58DE5C9F-5286-4047-94D9-CCEE51BC43B5}.Debug|Any CPU.ActiveCfg = Debug|Any CPU
		{58DE5C9F-5286-4047-94D9-CCEE51BC43B5}.Debug|Any CPU.Build.0 = Debug|Any CPU
		{58DE5C9F-5286-4047-94D9-CCEE51BC43B5}.Release|Any CPU.ActiveCfg = Release|Any CPU
		{58DE5C9F-5286-4047-94D9-CCEE51BC43B5}.Release|Any CPU.Build.0 = Release|Any CPU
		{7CBC086A-63B3-4701-B243-623AAD9DF0EB}.Debug|Any CPU.ActiveCfg = Debug|Any CPU
		{7CBC086A-63B3-4701-B243-623AAD9DF0EB}.Debug|Any CPU.Build.0 = Debug|Any CPU
		{7CBC086A-63B3-4701-B243-623AAD9DF0EB}.Release|Any CPU.ActiveCfg = Release|Any CPU
		{7CBC086A-63B3-4701-B243-623AAD9DF0EB}.Release|Any CPU.Build.0 = Release|Any CPU
		{629F6163-A99E-45E5-A580-122F13459BC8}.Debug|Any CPU.ActiveCfg = Debug|Any CPU
		{629F6163-A99E-45E5-A580-122F13459BC8}.Debug|Any CPU.Build.0 = Debug|Any CPU
		{629F6163-A99E-45E5-A580-122F13459BC8}.Release|Any CPU.ActiveCfg = Release|Any CPU
		{629F6163-A99E-45E5-A580-122F13459BC8}.Release|Any CPU.Build.0 = Release|Any CPU
		{2797C019-57A1-4EED-B39A-F18FBB3D87C9}.Debug|Any CPU.ActiveCfg = Debug|Any CPU
		{2797C019-57A1-4EED-B39A-F18FBB3D87C9}.Debug|Any CPU.Build.0 = Debug|Any CPU
		{2797C019-57A1-4EED-B39A-F18FBB3D87C9}.Release|Any CPU.ActiveCfg = Release|Any CPU
		{2797C019-57A1-4EED-B39A-F18FBB3D87C9}.Release|Any CPU.Build.0 = Release|Any CPU
		{5ED1EBC7-CA3A-48BE-B7EC-F9F04F749DEF}.Debug|Any CPU.ActiveCfg = Debug|Any CPU
		{5ED1EBC7-CA3A-48BE-B7EC-F9F04F749DEF}.Debug|Any CPU.Build.0 = Debug|Any CPU
		{5ED1EBC7-CA3A-48BE-B7EC-F9F04F749DEF}.Release|Any CPU.ActiveCfg = Release|Any CPU
		{5ED1EBC7-CA3A-48BE-B7EC-F9F04F749DEF}.Release|Any CPU.Build.0 = Release|Any CPU
		{E54996F0-2375-48D3-A4D2-31122401629A}.Debug|Any CPU.ActiveCfg = Debug|Any CPU
		{E54996F0-2375-48D3-A4D2-31122401629A}.Debug|Any CPU.Build.0 = Debug|Any CPU
		{E54996F0-2375-48D3-A4D2-31122401629A}.Release|Any CPU.ActiveCfg = Release|Any CPU
		{E54996F0-2375-48D3-A4D2-31122401629A}.Release|Any CPU.Build.0 = Release|Any CPU
		{16F17CAB-6D1A-4014-8FBA-270C310BC878}.Debug|Any CPU.ActiveCfg = Debug|Any CPU
		{16F17CAB-6D1A-4014-8FBA-270C310BC878}.Debug|Any CPU.Build.0 = Debug|Any CPU
		{16F17CAB-6D1A-4014-8FBA-270C310BC878}.Release|Any CPU.ActiveCfg = Release|Any CPU
		{16F17CAB-6D1A-4014-8FBA-270C310BC878}.Release|Any CPU.Build.0 = Release|Any CPU
		{6C600575-B8EC-48F1-8D7B-D0C3A61B023F}.Debug|Any CPU.ActiveCfg = Debug|Any CPU
		{6C600575-B8EC-48F1-8D7B-D0C3A61B023F}.Debug|Any CPU.Build.0 = Debug|Any CPU
		{6C600575-B8EC-48F1-8D7B-D0C3A61B023F}.Release|Any CPU.ActiveCfg = Release|Any CPU
		{6C600575-B8EC-48F1-8D7B-D0C3A61B023F}.Release|Any CPU.Build.0 = Release|Any CPU
		{D18ECC24-3EF0-4A8E-9ECF-7C6E70C86C29}.Debug|Any CPU.ActiveCfg = Debug|Any CPU
		{D18ECC24-3EF0-4A8E-9ECF-7C6E70C86C29}.Debug|Any CPU.Build.0 = Debug|Any CPU
		{D18ECC24-3EF0-4A8E-9ECF-7C6E70C86C29}.Release|Any CPU.ActiveCfg = Release|Any CPU
		{D18ECC24-3EF0-4A8E-9ECF-7C6E70C86C29}.Release|Any CPU.Build.0 = Release|Any CPU
		{8E299C0B-F47C-44D1-A938-F985D9083373}.Debug|Any CPU.ActiveCfg = Debug|Any CPU
		{8E299C0B-F47C-44D1-A938-F985D9083373}.Debug|Any CPU.Build.0 = Debug|Any CPU
		{8E299C0B-F47C-44D1-A938-F985D9083373}.Release|Any CPU.ActiveCfg = Release|Any CPU
		{8E299C0B-F47C-44D1-A938-F985D9083373}.Release|Any CPU.Build.0 = Release|Any CPU
	EndGlobalSection
	GlobalSection(SolutionProperties) = preSolution
		HideSolutionNode = FALSE
	EndGlobalSection
	GlobalSection(NestedProjects) = preSolution
		{CBCA217B-C786-41D1-8A3F-9E900BEFB19C} = {255F7368-4EE1-48A7-ACBF-3F87392FAF9E}
		{58DE5C9F-5286-4047-94D9-CCEE51BC43B5} = {255F7368-4EE1-48A7-ACBF-3F87392FAF9E}
		{7CBC086A-63B3-4701-B243-623AAD9DF0EB} = {FC81AB4D-0E26-4A7D-A6F2-CBDB290EB77D}
		{629F6163-A99E-45E5-A580-122F13459BC8} = {255F7368-4EE1-48A7-ACBF-3F87392FAF9E}
		{2797C019-57A1-4EED-B39A-F18FBB3D87C9} = {255F7368-4EE1-48A7-ACBF-3F87392FAF9E}
		{255F7368-4EE1-48A7-ACBF-3F87392FAF9E} = {81FD696D-24DB-401A-B461-3D04980528B6}
		{FC81AB4D-0E26-4A7D-A6F2-CBDB290EB77D} = {81FD696D-24DB-401A-B461-3D04980528B6}
		{00D3E768-D13A-4EF9-823D-F07E5C4C85DB} = {81FD696D-24DB-401A-B461-3D04980528B6}
		{5ED1EBC7-CA3A-48BE-B7EC-F9F04F749DEF} = {00D3E768-D13A-4EF9-823D-F07E5C4C85DB}
		{E54996F0-2375-48D3-A4D2-31122401629A} = {29FD2110-4306-4F6F-AFAE-84A3B47A30AF}
		{16F17CAB-6D1A-4014-8FBA-270C310BC878} = {B2BF029E-0939-468F-BE76-7C67B7A485A8}
		{6C600575-B8EC-48F1-8D7B-D0C3A61B023F} = {FAC6A4DE-5702-4BB8-B407-F244C2D987FB}
		{D18ECC24-3EF0-4A8E-9ECF-7C6E70C86C29} = {B2BF029E-0939-468F-BE76-7C67B7A485A8}
		{8E299C0B-F47C-44D1-A938-F985D9083373} = {FAC6A4DE-5702-4BB8-B407-F244C2D987FB}
	EndGlobalSection
	GlobalSection(ExtensibilityGlobals) = postSolution
		SolutionGuid = {E063B80A-4158-4C3F-A567-BFB2B929BA33}
	EndGlobalSection
EndGlobal
